
Microsoft Visual Studio Solution File, Format Version 12.00
# Visual Studio Version 17
VisualStudioVersion = 17.3.32819.101
MinimumVisualStudioVersion = 10.0.40219.1
Project("{FAE04EC0-301F-11D3-BF4B-00C04F79EFBC}") = "Shopping List", "Shopping List\Shopping List.csproj", "{769550FF-5306-4900-BDA5-69F64D92C689}"
EndProject
Global
	GlobalSection(SolutionConfigurationPlatforms) = preSolution
		Debug|Any CPU = Debug|Any CPU
		Release|Any CPU = Release|Any CPU
	EndGlobalSection
	GlobalSection(ProjectConfigurationPlatforms) = postSolution
		{769550FF-5306-4900-BDA5-69F64D92C689}.Debug|Any CPU.ActiveCfg = Debug|Any CPU
		{769550FF-5306-4900-BDA5-69F64D92C689}.Debug|Any CPU.Build.0 = Debug|Any CPU
		{769550FF-5306-4900-BDA5-69F64D92C689}.Release|Any CPU.ActiveCfg = Release|Any CPU
		{769550FF-5306-4900-BDA5-69F64D92C689}.Release|Any CPU.Build.0 = Release|Any CPU
	EndGlobalSection
	GlobalSection(SolutionProperties) = preSolution
		HideSolutionNode = FALSE
	EndGlobalSection
	GlobalSection(ExtensibilityGlobals) = postSolution
		SolutionGuid = {0BC103CD-65EC-4EB1-B1D2-DE45C8D72F93}
	EndGlobalSection
EndGlobal
